PODS:
  - SQLiteKit (0.0.4)

DEPENDENCIES:
  - SQLiteKit (from `Frameworks/SQLiteKit`)

EXTERNAL SOURCES:
  SQLiteKit:
    :path: Frameworks/SQLiteKit

SPEC CHECKSUMS:
  SQLiteKit: eea9356cf82ba84f0d232c36b77588da8def9fa3

PODFILE CHECKSUM: 2e00a54686f94f1424ddc2509c28708d3c7e3fb2

COCOAPODS: 1.5.0
