PODS:
  - SQLiteKit (0.0.9)

DEPENDENCIES:
  - SQLiteKit (from `Frameworks/SQLiteKit`)

EXTERNAL SOURCES:
  SQLiteKit:
    :path: Frameworks/SQLiteKit

SPEC CHECKSUMS:
  SQLiteKit: 36c237ca77ae4d8f18b9c6b8ba1ea3966577d2b1

PODFILE CHECKSUM: 2e00a54686f94f1424ddc2509c28708d3c7e3fb2

COCOAPODS: 1.5.0
