PODS:
  - SQLiteKit (0.0.3)

DEPENDENCIES:
  - SQLiteKit (from `Frameworks/SQLiteKit`)

EXTERNAL SOURCES:
  SQLiteKit:
    :path: Frameworks/SQLiteKit

SPEC CHECKSUMS:
  SQLiteKit: 8c3cd1875abd97cc132036fec4317823caef6212

PODFILE CHECKSUM: 2e00a54686f94f1424ddc2509c28708d3c7e3fb2

COCOAPODS: 1.5.0
