// !$*UTF8*$!
{
	archiveVersion = 1;
	classes = {
	};
	objectVersion = 50;
	objects = {

/* Begin PBXBuildFile section */
		8382EE0BEFF71EAEF1ABF8B7 /* Pods_SQLiteKitDemo.framework in Frameworks */ = {isa = PBXBuildFile; fileRef = CA6418D7A7A9EF2168A1EC3F /* Pods_SQLiteKitDemo.framework */; };
		A35E6A1920C1123E0064490E /* AppDelegate.swift in Sources */ = {isa = PBXBuildFile; fileRef = A35E6A1820C1123E0064490E /* AppDelegate.swift */; };
		A35E6A1B20C1123E0064490E /* ViewController.swift in Sources */ = {isa = PBXBuildFile; fileRef = A35E6A1A20C1123E0064490E /* ViewController.swift */; };
		A35E6A1E20C1123E0064490E /* Main.storyboard in Resources */ = {isa = PBXBuildFile; fileRef = A35E6A1C20C1123E0064490E /* Main.storyboard */; };
		A35E6A2020C1123F0064490E /* Assets.xcassets in Resources */ = {isa = PBXBuildFile; fileRef = A35E6A1F20C1123F0064490E /* Assets.xcassets */; };
		A35E6A2320C1123F0064490E /* LaunchScreen.storyboard in Resources */ = {isa = PBXBuildFile; fileRef = A35E6A2120C1123F0064490E /* LaunchScreen.storyboard */; };
		A36B4CB720FDFA14003DF9B7 /* README.md in Resources */ = {isa = PBXBuildFile; fileRef = A36B4CB620FDFA13003DF9B7 /* README.md */; };
		A3A669D820FD761800077BD5 /* libsqlite3.tbd in Frameworks */ = {isa = PBXBuildFile; fileRef = A3A669D720FD761800077BD5 /* libsqlite3.tbd */; };
/* End PBXBuildFile section */

/* Begin PBXFileReference section */
		A35E6A1520C1123E0064490E /* SQLiteKitDemo.app */ = {isa = PBXFileReference; explicitFileType = wrapper.application; includeInIndex = 0; path = SQLiteKitDemo.app; sourceTree = BUILT_PRODUCTS_DIR; };
		A35E6A1820C1123E0064490E /* AppDelegate.swift */ = {isa = PBXFileReference; lastKnownFileType = sourcecode.swift; path = AppDelegate.swift; sourceTree = "<group>"; };
		A35E6A1A20C1123E0064490E /* ViewController.swift */ = {isa = PBXFileReference; lastKnownFileType = sourcecode.swift; path = ViewController.swift; sourceTree = "<group>"; };
		A35E6A1D20C1123E0064490E /* Base */ = {isa = PBXFileReference; lastKnownFileType = file.storyboard; name = Base; path = Base.lproj/Main.storyboard; sourceTree = "<group>"; };
		A35E6A1F20C1123F0064490E /* Assets.xcassets */ = {isa = PBXFileReference; lastKnownFileType = folder.assetcatalog; path = Assets.xcassets; sourceTree = "<group>"; };
		A35E6A2220C1123F0064490E /* Base */ = {isa = PBXFileReference; lastKnownFileType = file.storyboard; name = Base; path = Base.lproj/LaunchScreen.storyboard; sourceTree = "<group>"; };
		A35E6A2420C1123F0064490E /* Info.plist */ = {isa = PBXFileReference; lastKnownFileType = text.plist.xml; path = Info.plist; sourceTree = "<group>"; };
		A36B4CB620FDFA13003DF9B7 /* README.md */ = {isa = PBXFileReference; fileEncoding = 4; lastKnownFileType = net.daringfireball.markdown; path = README.md; sourceTree = "<group>"; };
		A3A669D720FD761800077BD5 /* libsqlite3.tbd */ = {isa = PBXFileReference; lastKnownFileType = "sourcecode.text-based-dylib-definition"; name = libsqlite3.tbd; path = usr/lib/libsqlite3.tbd; sourceTree = SDKROOT; };
		CA6418D7A7A9EF2168A1EC3F /* Pods_SQLiteKitDemo.framework */ = {isa = PBXFileReference; explicitFileType = wrapper.framework; includeInIndex = 0; path = Pods_SQLiteKitDemo.framework; sourceTree = BUILT_PRODUCTS_DIR; };
		D5BCDB565BBA4A853C2D8BAF /* Pods-SQLiteKitDemo.debug.xcconfig */ = {isa = PBXFileReference; includeInIndex = 1; lastKnownFileType = text.xcconfig; name = "Pods-SQLiteKitDemo.debug.xcconfig"; path = "Pods/Target Support Files/Pods-SQLiteKitDemo/Pods-SQLiteKitDemo.debug.xcconfig"; sourceTree = "<group>"; };
		EE27B8AD06403B57D41A5E1B /* Pods-SQLiteKitDemo.release.xcconfig */ = {isa = PBXFileReference; includeInIndex = 1; lastKnownFileType = text.xcconfig; name = "Pods-SQLiteKitDemo.release.xcconfig"; path = "Pods/Target Support Files/Pods-SQLiteKitDemo/Pods-SQLiteKitDemo.release.xcconfig"; sourceTree = "<group>"; };
/* End PBXFileReference section */

/* Begin PBXFrameworksBuildPhase section */
		A35E6A1220C1123E0064490E /* Frameworks */ = {
			isa = PBXFrameworksBuildPhase;
			buildActionMask = 2147483647;
			files = (
				A3A669D820FD761800077BD5 /* libsqlite3.tbd in Frameworks */,
				8382EE0BEFF71EAEF1ABF8B7 /* Pods_SQLiteKitDemo.framework in Frameworks */,
			);
			runOnlyForDeploymentPostprocessing = 0;
		};
/* End PBXFrameworksBuildPhase section */

/* Begin PBXGroup section */
		7D3A124DF98D5AF69BC877E5 /* Frameworks */ = {
			isa = PBXGroup;
			children = (
				A3A669D720FD761800077BD5 /* libsqlite3.tbd */,
				CA6418D7A7A9EF2168A1EC3F /* Pods_SQLiteKitDemo.framework */,
			);
			name = Frameworks;
			sourceTree = "<group>";
		};
		A35E6A0C20C1123E0064490E = {
			isa = PBXGroup;
			children = (
				A36B4CB620FDFA13003DF9B7 /* README.md */,
				A35E6A1720C1123E0064490E /* SQLiteKitDemo */,
				A35E6A1620C1123E0064490E /* Products */,
				C0CF27DBB6C47B936FD32A85 /* Pods */,
				7D3A124DF98D5AF69BC877E5 /* Frameworks */,
			);
			sourceTree = "<group>";
		};
		A35E6A1620C1123E0064490E /* Products */ = {
			isa = PBXGroup;
			children = (
				A35E6A1520C1123E0064490E /* SQLiteKitDemo.app */,
			);
			name = Products;
			sourceTree = "<group>";
		};
		A35E6A1720C1123E0064490E /* SQLiteKitDemo */ = {
			isa = PBXGroup;
			children = (
				A35E6A1820C1123E0064490E /* AppDelegate.swift */,
				A35E6A1A20C1123E0064490E /* ViewController.swift */,
				A35E6A1C20C1123E0064490E /* Main.storyboard */,
				A35E6A1F20C1123F0064490E /* Assets.xcassets */,
				A35E6A2120C1123F0064490E /* LaunchScreen.storyboard */,
				A35E6A2420C1123F0064490E /* Info.plist */,
			);
			path = SQLiteKitDemo;
			sourceTree = "<group>";
		};
		C0CF27DBB6C47B936FD32A85 /* Pods */ = {
			isa = PBXGroup;
			children = (
				D5BCDB565BBA4A853C2D8BAF /* Pods-SQLiteKitDemo.debug.xcconfig */,
				EE27B8AD06403B57D41A5E1B /* Pods-SQLiteKitDemo.release.xcconfig */,
			);
			name = Pods;
			sourceTree = "<group>";
		};
/* End PBXGroup section */

/* Begin PBXNativeTarget section */
		A35E6A1420C1123E0064490E /* SQLiteKitDemo */ = {
			isa = PBXNativeTarget;
			buildConfigurationList = A35E6A2720C1123F0064490E /* Build configuration list for PBXNativeTarget "SQLiteKitDemo" */;
			buildPhases = (
				8349BC051BA575D73DED3033 /* [CP] Check Pods Manifest.lock */,
				A35E6A1120C1123E0064490E /* Sources */,
				A35E6A1220C1123E0064490E /* Frameworks */,
				A35E6A1320C1123E0064490E /* Resources */,
				DA957DD56274E9FBC80B69CC /* [CP] Embed Pods Frameworks */,
			);
			buildRules = (
			);
			dependencies = (
			);
			name = SQLiteKitDemo;
			productName = SQLiteKitDemo;
			productReference = A35E6A1520C1123E0064490E /* SQLiteKitDemo.app */;
			productType = "com.apple.product-type.application";
		};
/* End PBXNativeTarget section */

/* Begin PBXProject section */
		A35E6A0D20C1123E0064490E /* Project object */ = {
			isa = PBXProject;
			attributes = {
				LastSwiftUpdateCheck = 0940;
				LastUpgradeCheck = 0940;
				ORGANIZATIONNAME = shuifeng.me;
				TargetAttributes = {
					A35E6A1420C1123E0064490E = {
						CreatedOnToolsVersion = 9.4;
					};
				};
			};
			buildConfigurationList = A35E6A1020C1123E0064490E /* Build configuration list for PBXProject "SQLiteKitDemo" */;
			compatibilityVersion = "Xcode 9.3";
			developmentRegion = en;
			hasScannedForEncodings = 0;
			knownRegions = (
				en,
				Base,
			);
			mainGroup = A35E6A0C20C1123E0064490E;
			productRefGroup = A35E6A1620C1123E0064490E /* Products */;
			projectDirPath = "";
			projectRoot = "";
			targets = (
				A35E6A1420C1123E0064490E /* SQLiteKitDemo */,
			);
		};
/* End PBXProject section */

/* Begin PBXResourcesBuildPhase section */
		A35E6A1320C1123E0064490E /* Resources */ = {
			isa = PBXResourcesBuildPhase;
			buildActionMask = 2147483647;
			files = (
				A35E6A2320C1123F0064490E /* LaunchScreen.storyboard in Resources */,
				A35E6A2020C1123F0064490E /* Assets.xcassets in Resources */,
				A36B4CB720FDFA14003DF9B7 /* README.md in Resources */,
				A35E6A1E20C1123E0064490E /* Main.storyboard in Resources */,
			);
			runOnlyForDeploymentPostprocessing = 0;
		};
/* End PBXResourcesBuildPhase section */

/* Begin PBXShellScriptBuildPhase section */
		8349BC051BA575D73DED3033 /* [CP] Check Pods Manifest.lock */ = {
			isa = PBXShellScriptBuildPhase;
			buildActionMask = 2147483647;
			files = (
			);
			inputPaths = (
				"${PODS_PODFILE_DIR_PATH}/Podfile.lock",
				"${PODS_ROOT}/Manifest.lock",
			);
			name = "[CP] Check Pods Manifest.lock";
			outputPaths = (
				"$(DERIVED_FILE_DIR)/Pods-SQLiteKitDemo-checkManifestLockResult.txt",
			);
			runOnlyForDeploymentPostprocessing = 0;
			shellPath = /bin/sh;
			shellScript = "diff \"${PODS_PODFILE_DIR_PATH}/Podfile.lock\" \"${PODS_ROOT}/Manifest.lock\" > /dev/null\nif [ $? != 0 ] ; then\n    # print error to STDERR\n    echo \"error: The sandbox is not in sync with the Podfile.lock. Run 'pod install' or update your CocoaPods installation.\" >&2\n    exit 1\nfi\n# This output is used by Xcode 'outputs' to avoid re-running this script phase.\necho \"SUCCESS\" > \"${SCRIPT_OUTPUT_FILE_0}\"\n";
			showEnvVarsInLog = 0;
		};
		DA957DD56274E9FBC80B69CC /* [CP] Embed Pods Frameworks */ = {
			isa = PBXShellScriptBuildPhase;
			buildActionMask = 2147483647;
			files = (
			);
			inputPaths = (
				"${SRCROOT}/Pods/Target Support Files/Pods-SQLiteKitDemo/Pods-SQLiteKitDemo-frameworks.sh",
				"${BUILT_PRODUCTS_DIR}/SQLiteKit/SQLiteKit.framework",
			);
			name = "[CP] Embed Pods Frameworks";
			outputPaths = (
				"${TARGET_BUILD_DIR}/${FRAMEWORKS_FOLDER_PATH}/SQLiteKit.framework",
			);
			runOnlyForDeploymentPostprocessing = 0;
			shellPath = /bin/sh;
			shellScript = "\"${SRCROOT}/Pods/Target Support Files/Pods-SQLiteKitDemo/Pods-SQLiteKitDemo-frameworks.sh\"\n";
			showEnvVarsInLog = 0;
		};
/* End PBXShellScriptBuildPhase section */

/* Begin PBXSourcesBuildPhase section */
		A35E6A1120C1123E0064490E /* Sources */ = {
			isa = PBXSourcesBuildPhase;
			buildActionMask = 2147483647;
			files = (
				A35E6A1B20C1123E0064490E /* ViewController.swift in Sources */,
				A35E6A1920C1123E0064490E /* AppDelegate.swift in Sources */,
			);
			runOnlyForDeploymentPostprocessing = 0;
		};
/* End PBXSourcesBuildPhase section */

/* Begin PBXVariantGroup section */
		A35E6A1C20C1123E0064490E /* Main.storyboard */ = {
			isa = PBXVariantGroup;
			children = (
				A35E6A1D20C1123E0064490E /* Base */,
			);
			name = Main.storyboard;
			sourceTree = "<group>";
		};
		A35E6A2120C1123F0064490E /* LaunchScreen.storyboard */ = {
			isa = PBXVariantGroup;
			children = (
				A35E6A2220C1123F0064490E /* Base */,
			);
			name = LaunchScreen.storyboard;
			sourceTree = "<group>";
		};
/* End PBXVariantGroup section */

/* Begin XCBuildConfiguration section */
		A35E6A2520C1123F0064490E /* Debug */ = {
			isa = XCBuildConfiguration;
			buildSettings = {
				ALWAYS_SEARCH_USER_PATHS = NO;
				CLANG_ANALYZER_NONNULL = YES;
				CLANG_ANALYZER_NUMBER_OBJECT_CONVERSION = YES_AGGRESSIVE;
				CLANG_CXX_LANGUAGE_STANDARD = "gnu++14";
				CLANG_CXX_LIBRARY = "libc++";
				CLANG_ENABLE_MODULES = YES;
				CLANG_ENABLE_OBJC_ARC = YES;
				CLANG_ENABLE_OBJC_WEAK = YES;
				CLANG_WARN_BLOCK_CAPTURE_AUTORELEASING = YES;
				CLANG_WARN_BOOL_CONVERSION = YES;
				CLANG_WARN_COMMA = YES;
				CLANG_WARN_CONSTANT_CONVERSION = YES;
				CLANG_WARN_DEPRECATED_OBJC_IMPLEMENTATIONS = YES;
				CLANG_WARN_DIRECT_OBJC_ISA_USAGE = YES_ERROR;
				CLANG_WARN_DOCUMENTATION_COMMENTS = YES;
				CLANG_WARN_EMPTY_BODY = YES;
				CLANG_WARN_ENUM_CONVERSION = YES;
				CLANG_WARN_INFINITE_RECURSION = YES;
				CLANG_WARN_INT_CONVERSION = YES;
				CLANG_WARN_NON_LITERAL_NULL_CONVERSION = YES;
				CLANG_WARN_OBJC_IMPLICIT_RETAIN_SELF = YES;
				CLANG_WARN_OBJC_LITERAL_CONVERSION = YES;
				CLANG_WARN_OBJC_ROOT_CLASS = YES_ERROR;
				CLANG_WARN_RANGE_LOOP_ANALYSIS = YES;
				CLANG_WARN_STRICT_PROTOTYPES = YES;
				CLANG_WARN_SUSPICIOUS_MOVE = YES;
				CLANG_WARN_UNGUARDED_AVAILABILITY = YES_AGGRESSIVE;
				CLANG_WARN_UNREACHABLE_CODE = YES;
				CLANG_WARN__DUPLICATE_METHOD_MATCH = YES;
				CODE_SIGN_IDENTITY = "iPhone Developer";
				COPY_PHASE_STRIP = NO;
				DEBUG_INFORMATION_FORMAT = dwarf;
				ENABLE_STRICT_OBJC_MSGSEND = YES;
				ENABLE_TESTABILITY = YES;
				GCC_C_LANGUAGE_STANDARD = gnu11;
				GCC_DYNAMIC_NO_PIC = NO;
				GCC_NO_COMMON_BLOCKS = YES;
				GCC_OPTIMIZATION_LEVEL = 0;
				GCC_PREPROCESSOR_DEFINITIONS = (
					"DEBUG=1",
					"$(inherited)",
				);
				GCC_WARN_64_TO_32_BIT_CONVERSION = YES;
				GCC_WARN_ABOUT_RETURN_TYPE = YES_ERROR;
				GCC_WARN_UNDECLARED_SELECTOR = YES;
				GCC_WARN_UNINITIALIZED_AUTOS = YES_AGGRESSIVE;
				GCC_WARN_UNUSED_FUNCTION = YES;
				GCC_WARN_UNUSED_VARIABLE = YES;
				IPHONEOS_DEPLOYMENT_TARGET = 11.4;
				MTL_ENABLE_DEBUG_INFO = YES;
				ONLY_ACTIVE_ARCH = YES;
				SDKROOT = iphoneos;
				SWIFT_ACTIVE_COMPILATION_CONDITIONS = DEBUG;
				SWIFT_OPTIMIZATION_LEVEL = "-Onone";
			};
			name = Debug;
		};
		A35E6A2620C1123F0064490E /* Release */ = {
			isa = XCBuildConfiguration;
			buildSettings = {
				ALWAYS_SEARCH_USER_PATHS = NO;
				CLANG_ANALYZER_NONNULL = YES;
				CLANG_ANALYZER_NUMBER_OBJECT_CONVERSION = YES_AGGRESSIVE;
				CLANG_CXX_LANGUAGE_STANDARD = "gnu++14";
				CLANG_CXX_LIBRARY = "libc++";
				CLANG_ENABLE_MODULES = YES;
				CLANG_ENABLE_OBJC_ARC = YES;
				CLANG_ENABLE_OBJC_WEAK = YES;
				CLANG_WARN_BLOCK_CAPTURE_AUTORELEASING = YES;
				CLANG_WARN_BOOL_CONVERSION = YES;
				CLANG_WARN_COMMA = YES;
				CLANG_WARN_CONSTANT_CONVERSION = YES;
				CLANG_WARN_DEPRECATED_OBJC_IMPLEMENTATIONS = YES;
				CLANG_WARN_DIRECT_OBJC_ISA_USAGE = YES_ERROR;
				CLANG_WARN_DOCUMENTATION_COMMENTS = YES;
				CLANG_WARN_EMPTY_BODY = YES;
				CLANG_WARN_ENUM_CONVERSION = YES;
				CLANG_WARN_INFINITE_RECURSION = YES;
				CLANG_WARN_INT_CONVERSION = YES;
				CLANG_WARN_NON_LITERAL_NULL_CONVERSION = YES;
				CLANG_WARN_OBJC_IMPLICIT_RETAIN_SELF = YES;
				CLANG_WARN_OBJC_LITERAL_CONVERSION = YES;
				CLANG_WARN_OBJC_ROOT_CLASS = YES_ERROR;
				CLANG_WARN_RANGE_LOOP_ANALYSIS = YES;
				CLANG_WARN_STRICT_PROTOTYPES = YES;
				CLANG_WARN_SUSPICIOUS_MOVE = YES;
				CLANG_WARN_UNGUARDED_AVAILABILITY = YES_AGGRESSIVE;
				CLANG_WARN_UNREACHABLE_CODE = YES;
				CLANG_WARN__DUPLICATE_METHOD_MATCH = YES;
				CODE_SIGN_IDENTITY = "iPhone Developer";
				COPY_PHASE_STRIP = NO;
				DEBUG_INFORMATION_FORMAT = "dwarf-with-dsym";
				ENABLE_NS_ASSERTIONS = NO;
				ENABLE_STRICT_OBJC_MSGSEND = YES;
				GCC_C_LANGUAGE_STANDARD = gnu11;
				GCC_NO_COMMON_BLOCKS = YES;
				GCC_WARN_64_TO_32_BIT_CONVERSION = YES;
				GCC_WARN_ABOUT_RETURN_TYPE = YES_ERROR;
				GCC_WARN_UNDECLARED_SELECTOR = YES;
				GCC_WARN_UNINITIALIZED_AUTOS = YES_AGGRESSIVE;
				GCC_WARN_UNUSED_FUNCTION = YES;
				GCC_WARN_UNUSED_VARIABLE = YES;
				IPHONEOS_DEPLOYMENT_TARGET = 11.4;
				MTL_ENABLE_DEBUG_INFO = NO;
				SDKROOT = iphoneos;
				SWIFT_COMPILATION_MODE = wholemodule;
				SWIFT_OPTIMIZATION_LEVEL = "-O";
				VALIDATE_PRODUCT = YES;
			};
			name = Release;
		};
		A35E6A2820C1123F0064490E /* Debug */ = {
			isa = XCBuildConfiguration;
			baseConfigurationReference = D5BCDB565BBA4A853C2D8BAF /* Pods-SQLiteKitDemo.debug.xcconfig */;
			buildSettings = {
				ASSETCATALOG_COMPILER_APPICON_NAME = AppIcon;
				CODE_SIGN_STYLE = Automatic;
				DEVELOPMENT_TEAM = LX863G777H;
				INFOPLIST_FILE = SQLiteKitDemo/Info.plist;
				LD_RUNPATH_SEARCH_PATHS = (
					"$(inherited)",
					"@executable_path/Frameworks",
				);
				PRODUCT_BUNDLE_IDENTIFIER = me.shuifeng.SQLiteKitDemo;
				PRODUCT_NAME = "$(TARGET_NAME)";
				SWIFT_VERSION = 4.0;
				TARGETED_DEVICE_FAMILY = "1,2";
			};
			name = Debug;
		};
		A35E6A2920C1123F0064490E /* Release */ = {
			isa = XCBuildConfiguration;
			baseConfigurationReference = EE27B8AD06403B57D41A5E1B /* Pods-SQLiteKitDemo.release.xcconfig */;
			buildSettings = {
				ASSETCATALOG_COMPILER_APPICON_NAME = AppIcon;
				CODE_SIGN_STYLE = Automatic;
				DEVELOPMENT_TEAM = LX863G777H;
				INFOPLIST_FILE = SQLiteKitDemo/Info.plist;
				LD_RUNPATH_SEARCH_PATHS = (
					"$(inherited)",
					"@executable_path/Frameworks",
				);
				PRODUCT_BUNDLE_IDENTIFIER = me.shuifeng.SQLiteKitDemo;
				PRODUCT_NAME = "$(TARGET_NAME)";
				SWIFT_VERSION = 4.0;
				TARGETED_DEVICE_FAMILY = "1,2";
			};
			name = Release;
		};
/* End XCBuildConfiguration section */

/* Begin XCConfigurationList section */
		A35E6A1020C1123E0064490E /* Build configuration list for PBXProject "SQLiteKitDemo" */ = {
			isa = XCConfigurationList;
			buildConfigurations = (
				A35E6A2520C1123F0064490E /* Debug */,
				A35E6A2620C1123F0064490E /* Release */,
			);
			defaultConfigurationIsVisible = 0;
			defaultConfigurationName = Release;
		};
		A35E6A2720C1123F0064490E /* Build configuration list for PBXNativeTarget "SQLiteKitDemo" */ = {
			isa = XCConfigurationList;
			buildConfigurations = (
				A35E6A2820C1123F0064490E /* Debug */,
				A35E6A2920C1123F0064490E /* Release */,
			);
			defaultConfigurationIsVisible = 0;
			defaultConfigurationName = Release;
		};
/* End XCConfigurationList section */
	};
	rootObject = A35E6A0D20C1123E0064490E /* Project object */;
}
